schema: '2.0'
stages:
  get_data:
    cmd: python src/stage_01_get_data.py --config=configs/config.yaml
    deps:
    - path: configs/config.yaml
      md5: 78875aaa6b5bd57ffe3d664267fd2c3f
      size: 495
    - path: src/stage_01_get_data.py
      md5: c7fb11752549f7930141cc18a7f1a6d0
      size: 1471
    - path: src/utils/common.py
      md5: 154a0d93a4a3eb93f2b4b9c11f646442
      size: 1944
    outs:
    - path: data/cat
      md5: 56d7fc1b36818494893a1e29b65307fc.dir
      size: 14648336
      nfiles: 700
    - path: data/dog
      md5: 9d1c216fbc4c2865eb045c7180a1da33.dir
      size: 17604858
      nfiles: 699
  prepare_base_model:
    cmd: python src/stage_02_prepare_base_model.py --config=configs/config.yaml --params=params.yaml
    deps:
    - path: configs/config.yaml
      md5: 78875aaa6b5bd57ffe3d664267fd2c3f
      size: 495
    - path: src/stage_02_prepare_base_model.py
      md5: d9ba00d8e6f04e35b8a3d208d782818f
      size: 2271
    - path: src/utils/common.py
      md5: 154a0d93a4a3eb93f2b4b9c11f646442
      size: 1944
    - path: src/utils/model.py
      md5: 6d395f5f0aad7bf8e5344add4306a823
      size: 3325
    params:
      params.yaml:
        IMAGE_SIZE:
        - 224
        - 224
        - 3
        LEARNING_RATE: 0.001
    outs:
    - path: artifacts/base_model/base_model.h5
      md5: f7ae73f4b5831c6d0429fac0b764e150
      size: 58920272
    - path: artifacts/base_model/updated_base_model.h5
      md5: 2c3cab35cdf7f3d7128a4c01d65d90ca
      size: 59132008
  prepare_callback:
    cmd: python src/stage_03_prepare_callback.py --config=configs/config.yaml
    deps:
    - path: configs/config.yaml
      md5: 78875aaa6b5bd57ffe3d664267fd2c3f
      size: 495
    - path: params.yaml
      md5: 4ec70b417c75d1e066e48294ea85e613
      size: 209
    - path: src/stage_03_prepare_callback.py
      md5: 978bdbeaf89646e19616d7b0dfaa1b28
      size: 1745
    - path: src/utils/callbacks.py
      md5: fff78e26ff5443e4188156b46bf140da
      size: 2106
    - path: src/utils/common.py
      md5: 154a0d93a4a3eb93f2b4b9c11f646442
      size: 1944
    outs:
    - path: artifacts/callbacks/checkpoint_cb.cb
      md5: fa4abcae7e340415ddfaabd96efa85bb
      size: 869
    - path: artifacts/callbacks/tensorboard_cb.cb
      md5: 46768faf2e31a368ec40b2fa14c31cd0
      size: 682
  train:
    cmd: python src/stage_04_train.py --config=configs/config.yaml --params=params.yaml
    deps:
    - path: artifacts/base_model/updated_base_model.h5
      md5: 2c3cab35cdf7f3d7128a4c01d65d90ca
      size: 59132008
    - path: artifacts/callbacks/checkpoint_cb.cb
      md5: fa4abcae7e340415ddfaabd96efa85bb
      size: 869
    - path: artifacts/callbacks/tensorboard_cb.cb
      md5: 46768faf2e31a368ec40b2fa14c31cd0
      size: 682
    - path: configs/config.yaml
      md5: 78875aaa6b5bd57ffe3d664267fd2c3f
      size: 495
    - path: data/cat
      md5: 56d7fc1b36818494893a1e29b65307fc.dir
      size: 14648336
      nfiles: 700
    - path: data/dog
      md5: 9d1c216fbc4c2865eb045c7180a1da33.dir
      size: 17604858
      nfiles: 699
    - path: src/stage_04_train.py
      md5: e8d9322972f5def2f297ce043f4099b2
      size: 3050
    - path: src/utils/callbacks.py
      md5: fff78e26ff5443e4188156b46bf140da
      size: 2106
    - path: src/utils/common.py
      md5: 154a0d93a4a3eb93f2b4b9c11f646442
      size: 1944
    - path: src/utils/data_management.py
      md5: fa0e81d58661e734e41edce9b4e089d8
      size: 2030
    - path: src/utils/model.py
      md5: 6d395f5f0aad7bf8e5344add4306a823
      size: 3325
    params:
      params.yaml:
        AUGMENTATION: true
        BATCH_SIZE: 16
        EPOCHS: 2
        IMAGE_SIZE:
        - 224
        - 224
        - 3
    outs:
    - path: artifacts/checkpoints
      md5: e1b71139c47f8542091f5a83f4e73af6.dir
      size: 59134488
      nfiles: 1
    - path: artifacts/model
      md5: 3578bb0faed4167552322be8edb0b2c3.dir
      size: 59134488
      nfiles: 1
    - path: artifacts/tensorboard_log_dir
      md5: d2b43d910bfdd1d61821545e82a4aaf6.dir
      size: 127774
      nfiles: 10
